
Microsoft Visual Studio Solution File, Format Version 12.00
# Visual Studio Version 17
VisualStudioVersion = 17.0.31912.275
MinimumVisualStudioVersion = 10.0.40219.1
Project("{FAE04EC0-301F-11D3-BF4B-00C04F79EFBC}") = "Infrastructure", "Infrastructure\Infrastructure.csproj", "{1FA263C7-E296-4D24-85A8-857AD0CC101E}"
EndProject
Project("{FAE04EC0-301F-11D3-BF4B-00C04F79EFBC}") = "Test", "Test\Test.csproj", "{D5E5F71C-ED9A-4572-A719-355D98B811BE}"
EndProject
Project("{FAE04EC0-301F-11D3-BF4B-00C04F79EFBC}") = "App", "App\App.csproj", "{6978299B-E200-457C-BF4B-F86921E2BEA4}"
EndProject
Global
	GlobalSection(SolutionConfigurationPlatforms) = preSolution
		Debug|Any CPU = Debug|Any CPU
		Release|Any CPU = Release|Any CPU
	EndGlobalSection
	GlobalSection(ProjectConfigurationPlatforms) = postSolution
		{1FA263C7-E296-4D24-85A8-857AD0CC101E}.Debug|Any CPU.ActiveCfg = Debug|Any CPU
		{1FA263C7-E296-4D24-85A8-857AD0CC101E}.Debug|Any CPU.Build.0 = Debug|Any CPU
		{1FA263C7-E296-4D24-85A8-857AD0CC101E}.Release|Any CPU.ActiveCfg = Release|Any CPU
		{1FA263C7-E296-4D24-85A8-857AD0CC101E}.Release|Any CPU.Build.0 = Release|Any CPU
		{D5E5F71C-ED9A-4572-A719-355D98B811BE}.Debug|Any CPU.ActiveCfg = Debug|Any CPU
		{D5E5F71C-ED9A-4572-A719-355D98B811BE}.Debug|Any CPU.Build.0 = Debug|Any CPU
		{D5E5F71C-ED9A-4572-A719-355D98B811BE}.Release|Any CPU.ActiveCfg = Release|Any CPU
		{D5E5F71C-ED9A-4572-A719-355D98B811BE}.Release|Any CPU.Build.0 = Release|Any CPU
		{6978299B-E200-457C-BF4B-F86921E2BEA4}.Debug|Any CPU.ActiveCfg = Debug|Any CPU
		{6978299B-E200-457C-BF4B-F86921E2BEA4}.Debug|Any CPU.Build.0 = Debug|Any CPU
		{6978299B-E200-457C-BF4B-F86921E2BEA4}.Release|Any CPU.ActiveCfg = Release|Any CPU
		{6978299B-E200-457C-BF4B-F86921E2BEA4}.Release|Any CPU.Build.0 = Release|Any CPU
	EndGlobalSection
	GlobalSection(SolutionProperties) = preSolution
		HideSolutionNode = FALSE
	EndGlobalSection
	GlobalSection(ExtensibilityGlobals) = postSolution
		SolutionGuid = {06FC65C6-192A-4D30-92BC-FBE452373866}
	EndGlobalSection
EndGlobal
